{
  "name": "@radnyx/battle",
  "version": "0.1.0",
  "lockfileVersion": 2,
  "requires": true,
  "packages": {
    "": {
      "name": "@radnyx/battle",
      "version": "0.1.0",
      "devDependencies": {
        "@pkmn/sim": "^0.5.11",
        "@types/node": "^18.0.0",
        "pixi-sound": "^3.0.5",
        "pixi.js": "^5.3.10",
        "react": "^17.0.0",
        "typescript": "^4.7.4"
      },
      "peerDependencies": {
        "@pkmn/sim": "^0.5.11",
        "pixi-sound": "^3.0.5",
        "pixi.js": "^5.3.10",
        "react": "^17.0.0"
      }
    },
    "node_modules/@pixi/accessibility": {
      "version": "5.3.12",
      "resolved": "https://registry.npmjs.org/@pixi/accessibility/-/accessibility-5.3.12.tgz",
      "integrity": "sha512-JnfII2VsIeIpvyn1VMNDlhhq5BzHwwHn8sMRKhS3kFyxn4CdP0E4Ktn3/QK0vmL9sHCeTlto5Ybj3uuoKZwCWg==",
      "dev": true,
      "dependencies": {
        "@pixi/core": "5.3.12",
        "@pixi/display": "5.3.12",
        "@pixi/utils": "5.3.12"
      }
    },
    "node_modules/@pixi/app": {
      "version": "5.3.12",
      "resolved": "https://registry.npmjs.org/@pixi/app/-/app-5.3.12.tgz",
      "integrity": "sha512-XMpqoO+1BFIVakgHX/VlBaO4qWxg9TitvybDeXZxyVlSCG84DMNulN55jYufVp92nqHhiRr2fAIc9JDccOcNcQ==",
      "dev": true,
      "dependencies": {
        "@pixi/core": "5.3.12",
        "@pixi/display": "5.3.12"
      }
    },
    "node_modules/@pixi/constants": {
      "version": "5.3.12",
      "resolved": "https://registry.npmjs.org/@pixi/constants/-/constants-5.3.12.tgz",
      "integrity": "sha512-UcuvZZ8cQu+ZC7ufLpKi8NfZX0FncPuxKd0Rf6u6pzO2SmHPq4C1moXYGDnkZjPFAjNYFFHC7chU+zolMtkL/g==",
      "dev": true
    },
    "node_modules/@pixi/core": {
      "version": "5.3.12",
      "resolved": "https://registry.npmjs.org/@pixi/core/-/core-5.3.12.tgz",
      "integrity": "sha512-SKZPU2mP4UE4trWOTcubGekKwopnotbyR2X8nb68wffBd1GzMoaxyakltfJF2oCV/ivrru/biP4CkW9K6MJ56g==",
      "dev": true,
      "dependencies": {
        "@pixi/constants": "5.3.12",
        "@pixi/math": "5.3.12",
        "@pixi/runner": "5.3.12",
        "@pixi/settings": "5.3.12",
        "@pixi/ticker": "5.3.12",
        "@pixi/utils": "5.3.12"
      },
      "funding": {
        "type": "opencollective",
        "url": "https://opencollective.com/pixijs"
      }
    },
    "node_modules/@pixi/display": {
      "version": "5.3.12",
      "resolved": "https://registry.npmjs.org/@pixi/display/-/display-5.3.12.tgz",
      "integrity": "sha512-/fsH/GAxc62rvwTnmrnV8oGCkk4LwJ9pt2Jv3UIorNsjXyL0V5fGw7uZnilF2eSdu6LgQKBMWPOtBF0TNML3lg==",
      "dev": true,
      "dependencies": {
        "@pixi/math": "5.3.12",
        "@pixi/settings": "5.3.12",
        "@pixi/utils": "5.3.12"
      }
    },
    "node_modules/@pixi/extract": {
      "version": "5.3.12",
      "resolved": "https://registry.npmjs.org/@pixi/extract/-/extract-5.3.12.tgz",
      "integrity": "sha512-PRs9sKeZT+eYSD8wGUqSjHhIRrfvnLU65IIJYlmgTxYo9U4rwzykt74v09ggMj/GFUpjsILISA5VIXM1TV79PQ==",
      "dev": true,
      "dependencies": {
        "@pixi/core": "5.3.12",
        "@pixi/math": "5.3.12",
        "@pixi/utils": "5.3.12"
      }
    },
    "node_modules/@pixi/filter-alpha": {
      "version": "5.3.12",
      "resolved": "https://registry.npmjs.org/@pixi/filter-alpha/-/filter-alpha-5.3.12.tgz",
      "integrity": "sha512-/VG+ojZZwStLfiYVKcX4XsXNiPZpv40ZgiDL6igZOMqUsWn7n7dhIgytmbx6uTUWfxIPlOQH3bJGEyAHVEgzZA==",
      "dev": true,
      "dependencies": {
        "@pixi/core": "5.3.12"
      }
    },
    "node_modules/@pixi/filter-blur": {
      "version": "5.3.12",
      "resolved": "https://registry.npmjs.org/@pixi/filter-blur/-/filter-blur-5.3.12.tgz",
      "integrity": "sha512-8zuOmztmuXCl1pXQpycKTS8HmXPtkmMe6xM93Q1gT7CRLzyS97H3pQAh4YuaGOrJslOKBNDrGVzLVY95fxjcTQ==",
      "dev": true,
      "dependencies": {
        "@pixi/core": "5.3.12",
        "@pixi/settings": "5.3.12"
      }
    },
    "node_modules/@pixi/filter-color-matrix": {
      "version": "5.3.12",
      "resolved": "https://registry.npmjs.org/@pixi/filter-color-matrix/-/filter-color-matrix-5.3.12.tgz",
      "integrity": "sha512-CblKOry/TvFm7L7iangxYtvQgO3a9n5MsmxDUue68DWZa/iI4r/3TSnsvA+Iijr590e9GsWxy3mj9P4HBMOGTA==",
      "dev": true,
      "dependencies": {
        "@pixi/core": "5.3.12"
      }
    },
    "node_modules/@pixi/filter-displacement": {
      "version": "5.3.12",
      "resolved": "https://registry.npmjs.org/@pixi/filter-displacement/-/filter-displacement-5.3.12.tgz",
      "integrity": "sha512-D/LpJxnGi85wHB6VeBpw0FQAN0mzHHUYNxCADwUhknY+SKfP5RhaYOlk79zqOuakBfQTzL3lPgMNH2EC85EJPw==",
      "dev": true,
      "dependencies": {
        "@pixi/core": "5.3.12",
        "@pixi/math": "5.3.12"
      }
    },
    "node_modules/@pixi/filter-fxaa": {
      "version": "5.3.12",
      "resolved": "https://registry.npmjs.org/@pixi/filter-fxaa/-/filter-fxaa-5.3.12.tgz",
      "integrity": "sha512-EI+foorDnYUAy7VF3fzi635u/dyf5EHZOFovGEDrHm/ZTmEJ1i6RolwexCN94vf6HGfaDrIgNmqFcKWtbIvJFA==",
      "dev": true,
      "dependencies": {
        "@pixi/core": "5.3.12"
      }
    },
    "node_modules/@pixi/filter-noise": {
      "version": "5.3.12",
      "resolved": "https://registry.npmjs.org/@pixi/filter-noise/-/filter-noise-5.3.12.tgz",
      "integrity": "sha512-9KWmlM2zRryY6o0bfNOHAckdCk8X7g9XWZbmEIXZZs7Jr90C1+RhDreqNs8OrMukmNo2cW9hMrshHgJ9aA1ftQ==",
      "dev": true,
      "dependencies": {
        "@pixi/core": "5.3.12"
      }
    },
    "node_modules/@pixi/graphics": {
      "version": "5.3.12",
      "resolved": "https://registry.npmjs.org/@pixi/graphics/-/graphics-5.3.12.tgz",
      "integrity": "sha512-uBmFvq15rX0f459/4F2EnR2UhCgfwMWVJDB1L3OnCqQePE/z3ju4mfWEwOT+I7gGejWlGNE6YLdEMVNw/3zb6w==",
      "dev": true,
      "dependencies": {
        "@pixi/constants": "5.3.12",
        "@pixi/core": "5.3.12",
        "@pixi/display": "5.3.12",
        "@pixi/math": "5.3.12",
        "@pixi/sprite": "5.3.12",
        "@pixi/utils": "5.3.12"
      }
    },
    "node_modules/@pixi/interaction": {
      "version": "5.3.12",
      "resolved": "https://registry.npmjs.org/@pixi/interaction/-/interaction-5.3.12.tgz",
      "integrity": "sha512-Ks7vHDfDI58r1TzKHabnQXcXzFbUu2Sb4eQ3/jnzI/xGB5Z8Q0kS7RwJtFOWNZ67HHQdoHFkQIozTUXVXHs3oA==",
      "dev": true,
      "dependencies": {
        "@pixi/core": "5.3.12",
        "@pixi/display": "5.3.12",
        "@pixi/math": "5.3.12",
        "@pixi/ticker": "5.3.12",
        "@pixi/utils": "5.3.12"
      }
    },
    "node_modules/@pixi/loaders": {
      "version": "5.3.12",
      "resolved": "https://registry.npmjs.org/@pixi/loaders/-/loaders-5.3.12.tgz",
      "integrity": "sha512-M56m1GKpCChFqSic9xrdtQOXFqwYMvGzDXNpsKIsQbkHooaJhUR5UxSPaNiGC4qWv0TO9w8ANouxeX2v6js4eg==",
      "dev": true,
      "dependencies": {
        "@pixi/core": "5.3.12",
        "@pixi/utils": "5.3.12",
        "resource-loader": "^3.0.1"
      }
    },
    "node_modules/@pixi/math": {
      "version": "5.3.12",
      "resolved": "https://registry.npmjs.org/@pixi/math/-/math-5.3.12.tgz",
      "integrity": "sha512-VMccUVKSRlLFTGQu6Z450q/W6LVibaFWEo2eSZZfxz+hwjlYiqRPx4heG++4Y6tGskZK7W8l8h+2ixjmo65FCg==",
      "dev": true
    },
    "node_modules/@pixi/mesh": {
      "version": "5.3.12",
      "resolved": "https://registry.npmjs.org/@pixi/mesh/-/mesh-5.3.12.tgz",
      "integrity": "sha512-8ZiGZsZQBWoP1p8t9bSl/AfERb5l3QlwnY9zYVMDydF/UWfN1gKcYO4lKvaXw/HnLi4ZjE+OHoZVmePss9zzaw==",
      "dev": true,
      "dependencies": {
        "@pixi/constants": "5.3.12",
        "@pixi/core": "5.3.12",
        "@pixi/display": "5.3.12",
        "@pixi/math": "5.3.12",
        "@pixi/settings": "5.3.12",
        "@pixi/utils": "5.3.12"
      }
    },
    "node_modules/@pixi/mesh-extras": {
      "version": "5.3.12",
      "resolved": "https://registry.npmjs.org/@pixi/mesh-extras/-/mesh-extras-5.3.12.tgz",
      "integrity": "sha512-tEBEEIh96aSGJ/KObdtlNcSzVfgrl9fBhvdUDOHepSyVG+SkmX4LMqP3DkGl6iUBDiq9FBRFaRgbxEd8G2U7yw==",
      "dev": true,
      "dependencies": {
        "@pixi/constants": "5.3.12",
        "@pixi/core": "5.3.12",
        "@pixi/math": "5.3.12",
        "@pixi/mesh": "5.3.12",
        "@pixi/utils": "5.3.12"
      }
    },
    "node_modules/@pixi/mixin-cache-as-bitmap": {
      "version": "5.3.12",
      "resolved": "https://registry.npmjs.org/@pixi/mixin-cache-as-bitmap/-/mixin-cache-as-bitmap-5.3.12.tgz",
      "integrity": "sha512-hPiu8jCQJctN3OVJDgh7jqdtRgyB3qH1BWLM742MOZLjYnbOSamnqmI8snG+tba5yj/WfdjKB+8v0WNwEXlH6w==",
      "dev": true,
      "dependencies": {
        "@pixi/core": "5.3.12",
        "@pixi/display": "5.3.12",
        "@pixi/math": "5.3.12",
        "@pixi/settings": "5.3.12",
        "@pixi/sprite": "5.3.12",
        "@pixi/utils": "5.3.12"
      }
    },
    "node_modules/@pixi/mixin-get-child-by-name": {
      "version": "5.3.12",
      "resolved": "https://registry.npmjs.org/@pixi/mixin-get-child-by-name/-/mixin-get-child-by-name-5.3.12.tgz",
      "integrity": "sha512-VQv0GMNmfyBfug9pnvN5s/ZMKJ/AXvg+4RULTpwHFtAwlCdZu9IeNb4eviSSAwtOeBAtqk5c0MQSsdOUWOeIkA==",
      "dev": true,
      "dependencies": {
        "@pixi/display": "5.3.12"
      }
    },
    "node_modules/@pixi/mixin-get-global-position": {
      "version": "5.3.12",
      "resolved": "https://registry.npmjs.org/@pixi/mixin-get-global-position/-/mixin-get-global-position-5.3.12.tgz",
      "integrity": "sha512-qxsfCC9BsKSjBlMH1Su/AVwsrzY8NHfcut5GkVvm2wa9+ypxFwU5fVsmk6+4a9G7af3iqmOlc9YDymAvbi+e8g==",
      "dev": true,
      "dependencies": {
        "@pixi/display": "5.3.12",
        "@pixi/math": "5.3.12"
      }
    },
    "node_modules/@pixi/particles": {
      "version": "5.3.12",
      "resolved": "https://registry.npmjs.org/@pixi/particles/-/particles-5.3.12.tgz",
      "integrity": "sha512-SV/gOJBFa4jpsEM90f1bz5EuMMiNAz81mu+lhiUxdQQjZ8y/S4TiK7OAiyc+hUtp97JbJ//6u+4ynGwbhV+WDA==",
      "dev": true,
      "dependencies": {
        "@pixi/constants": "5.3.12",
        "@pixi/core": "5.3.12",
        "@pixi/display": "5.3.12",
        "@pixi/math": "5.3.12",
        "@pixi/utils": "5.3.12"
      }
    },
    "node_modules/@pixi/polyfill": {
      "version": "5.3.12",
      "resolved": "https://registry.npmjs.org/@pixi/polyfill/-/polyfill-5.3.12.tgz",
      "integrity": "sha512-qkm8TBIb6m7FmE/Cd/yVagONDlVF5/cWFSSnk4pWA/vt/HLNrXgY9Tx0IXAk6NNK/xc5deGcLPc4iw+DlEhsQw==",
      "dev": true,
      "dependencies": {
        "es6-promise-polyfill": "^1.2.0",
        "object-assign": "^4.1.1"
      }
    },
    "node_modules/@pixi/prepare": {
      "version": "5.3.12",
      "resolved": "https://registry.npmjs.org/@pixi/prepare/-/prepare-5.3.12.tgz",
      "integrity": "sha512-loZhLzV4riet9MU72WpWIYF6LgbRM78S4soeZOr5SzL1/U5mBneOOmfStaui7dN2GKQKp5GLygDF4dH3FPalnA==",
      "dev": true,
      "dependencies": {
        "@pixi/core": "5.3.12",
        "@pixi/display": "5.3.12",
        "@pixi/graphics": "5.3.12",
        "@pixi/settings": "5.3.12",
        "@pixi/text": "5.3.12",
        "@pixi/ticker": "5.3.12"
      }
    },
    "node_modules/@pixi/runner": {
      "version": "5.3.12",
      "resolved": "https://registry.npmjs.org/@pixi/runner/-/runner-5.3.12.tgz",
      "integrity": "sha512-I5mXx4BiP8Bx5CFIXy3XV3ABYFXbIWaY6FxWsNFkySn0KUhizN7SarPdhFGs//hJuC54EH2FsKKNa98Lfc2nCQ==",
      "dev": true
    },
    "node_modules/@pixi/settings": {
      "version": "5.3.12",
      "resolved": "https://registry.npmjs.org/@pixi/settings/-/settings-5.3.12.tgz",
      "integrity": "sha512-tLAa8tpDGllgj88NMUQn2Obn9MFJfHNF/CKs8aBhfeZGU4yL4PZDtlI+tqaB1ITGl3xxyHmJK+qfmv5lJn+zyA==",
      "dev": true,
      "dependencies": {
        "ismobilejs": "^1.1.0"
      }
    },
    "node_modules/@pixi/sprite": {
      "version": "5.3.12",
      "resolved": "https://registry.npmjs.org/@pixi/sprite/-/sprite-5.3.12.tgz",
      "integrity": "sha512-vticet92RFZ3nDZ6/VDwZ7RANO0jzyXOF/5RuJf0yNVJgBoH4cNix520FfsBWE2ormD+z5t1KEmFeW4e35z2kw==",
      "dev": true,
      "dependencies": {
        "@pixi/constants": "5.3.12",
        "@pixi/core": "5.3.12",
        "@pixi/display": "5.3.12",
        "@pixi/math": "5.3.12",
        "@pixi/settings": "5.3.12",
        "@pixi/utils": "5.3.12"
      }
    },
    "node_modules/@pixi/sprite-animated": {
      "version": "5.3.12",
      "resolved": "https://registry.npmjs.org/@pixi/sprite-animated/-/sprite-animated-5.3.12.tgz",
      "integrity": "sha512-WkGdGRfqboXFzMZ/SM6pCVukYmG2E2IlpcFz7aEeWvKL2Icm4YtaCBpHHDU07vvA6fP6JrstlCx1RyTENtOeGA==",
      "dev": true,
      "dependencies": {
        "@pixi/core": "5.3.12",
        "@pixi/sprite": "5.3.12",
        "@pixi/ticker": "5.3.12"
      }
    },
    "node_modules/@pixi/sprite-tiling": {
      "version": "5.3.12",
      "resolved": "https://registry.npmjs.org/@pixi/sprite-tiling/-/sprite-tiling-5.3.12.tgz",
      "integrity": "sha512-5/gtNT46jIo7M69sixqkta1aXVhl4NTwksD9wzqjdZkQG8XPpKmHtXamROY2Fw3R+m+KGgyK8ywAf78tPvxPwg==",
      "dev": true,
      "dependencies": {
        "@pixi/constants": "5.3.12",
        "@pixi/core": "5.3.12",
        "@pixi/display": "5.3.12",
        "@pixi/math": "5.3.12",
        "@pixi/sprite": "5.3.12",
        "@pixi/utils": "5.3.12"
      }
    },
    "node_modules/@pixi/spritesheet": {
      "version": "5.3.12",
      "resolved": "https://registry.npmjs.org/@pixi/spritesheet/-/spritesheet-5.3.12.tgz",
      "integrity": "sha512-0t5HKgLx0uWtENtkW0zVpqvmfoxqMcRAYB7Nwk2lkgZMBPCOFtFF/4Kdp9Sam5X0EBMRGkmIelW3fD6pniSvCw==",
      "dev": true,
      "dependencies": {
        "@pixi/core": "5.3.12",
        "@pixi/loaders": "5.3.12",
        "@pixi/math": "5.3.12",
        "@pixi/utils": "5.3.12"
      }
    },
    "node_modules/@pixi/text": {
      "version": "5.3.12",
      "resolved": "https://registry.npmjs.org/@pixi/text/-/text-5.3.12.tgz",
      "integrity": "sha512-tvrDVetwVjq1PVDR6jq4umN/Mv/EPHioEOHhyep63yvFIBFv75mDTg2Ye0CPzkmjqwXXvAY+hHpNwuOXTB40xw==",
      "dev": true,
      "dependencies": {
        "@pixi/core": "5.3.12",
        "@pixi/math": "5.3.12",
        "@pixi/settings": "5.3.12",
        "@pixi/sprite": "5.3.12",
        "@pixi/utils": "5.3.12"
      }
    },
    "node_modules/@pixi/text-bitmap": {
      "version": "5.3.12",
      "resolved": "https://registry.npmjs.org/@pixi/text-bitmap/-/text-bitmap-5.3.12.tgz",
      "integrity": "sha512-tiorA3XdriJKJtUhMDcKX1umE3hGbaNJ/y0ZLuQ0lCvoTLrN9674HtveutoR9KkXWguDHCSk2cY+y3mNAvjPHA==",
      "dev": true,
      "dependencies": {
        "@pixi/core": "5.3.12",
        "@pixi/display": "5.3.12",
        "@pixi/loaders": "5.3.12",
        "@pixi/math": "5.3.12",
        "@pixi/mesh": "5.3.12",
        "@pixi/settings": "5.3.12",
        "@pixi/text": "5.3.12",
        "@pixi/utils": "5.3.12"
      }
    },
    "node_modules/@pixi/ticker": {
      "version": "5.3.12",
      "resolved": "https://registry.npmjs.org/@pixi/ticker/-/ticker-5.3.12.tgz",
      "integrity": "sha512-YNYUj94XgogipYhPOjbdFBIsy7+U6KmolvK+Av1G88GDac5SDoALb1Nt6s23fd8HIz6b4YnabHOdXGz3zPir1Q==",
      "dev": true,
      "dependencies": {
        "@pixi/settings": "5.3.12"
      }
    },
    "node_modules/@pixi/utils": {
      "version": "5.3.12",
      "resolved": "https://registry.npmjs.org/@pixi/utils/-/utils-5.3.12.tgz",
      "integrity": "sha512-PU/L852YjVbTy/6fDKQtYji6Vqcwi5FZNIjK6JXKuDPF411QfJK3QBaEqJTrexzHlc9Odr0tYECjwtXkCUR02g==",
      "dev": true,
      "dependencies": {
        "@pixi/constants": "5.3.12",
        "@pixi/settings": "5.3.12",
        "earcut": "^2.1.5",
        "eventemitter3": "^3.1.0",
        "url": "^0.11.0"
      }
    },
    "node_modules/@pkmn/sets": {
      "version": "3.0.0",
      "resolved": "https://registry.npmjs.org/@pkmn/sets/-/sets-3.0.0.tgz",
      "integrity": "sha512-H77oHgflHMTuuiEyCdygkfDv02LB4NfKsDWoXjmlUa64o2C9CdC8eAb3RTXr5dzUFSUuPYct31ENvZDJYeoehA==",
      "dev": true,
      "dependencies": {
        "@pkmn/types": "^2.0.0"
      }
    },
    "node_modules/@pkmn/sim": {
      "version": "0.5.20",
      "resolved": "https://registry.npmjs.org/@pkmn/sim/-/sim-0.5.20.tgz",
      "integrity": "sha512-KAtCzCEu1xYx1kusAO/a+F5/8dtxlR8RIfa0IAd9i4zOqBDWVTsUFmNsCo/RKVlmA4Q+zMUvXeEcDLULN0EnaA==",
      "dev": true,
      "dependencies": {
        "@pkmn/sets": "^3.0.0",
        "@pkmn/streams": "^1.0.0"
      }
    },
    "node_modules/@pkmn/streams": {
      "version": "1.0.0",
      "resolved": "https://registry.npmjs.org/@pkmn/streams/-/streams-1.0.0.tgz",
      "integrity": "sha512-BtGUlaaKdC+4epkc8Bg8k9tEwZYNZP8tx2jtCqqhLMhri/BtmUe2OdSZRAKbwKfWWN/CwtqyEUjdNsjwwSld/g==",
      "dev": true
    },
    "node_modules/@pkmn/types": {
      "version": "2.0.0",
      "resolved": "https://registry.npmjs.org/@pkmn/types/-/types-2.0.0.tgz",
      "integrity": "sha512-4Yoen3lNQDjiPALK+NP4AL7N2Mbbrw31LD2a/onSoPeq9S8zeW5Ove6HsBSgZyjkNQwCwVPHbqcIwoli7DjfyQ==",
      "dev": true
    },
    "node_modules/@types/node": {
      "version": "18.0.0",
      "resolved": "https://registry.npmjs.org/@types/node/-/node-18.0.0.tgz",
      "integrity": "sha512-cHlGmko4gWLVI27cGJntjs/Sj8th9aYwplmZFwmmgYQQvL5NUsgVJG7OddLvNfLqYS31KFN0s3qlaD9qCaxACA==",
      "dev": true
    },
    "node_modules/earcut": {
      "version": "2.2.3",
      "resolved": "https://registry.npmjs.org/earcut/-/earcut-2.2.3.tgz",
      "integrity": "sha512-iRDI1QeCQIhMCZk48DRDMVgQSSBDmbzzNhnxIo+pwx3swkfjMh6vh0nWLq1NdvGHLKH6wIrAM3vQWeTj6qeoug==",
      "dev": true
    },
    "node_modules/es6-promise-polyfill": {
      "version": "1.2.0",
      "resolved": "https://registry.npmjs.org/es6-promise-polyfill/-/es6-promise-polyfill-1.2.0.tgz",
      "integrity": "sha512-HHb0vydCpoclpd0ySPkRXMmBw80MRt1wM4RBJBlXkux97K7gleabZdsR0gvE1nNPM9mgOZIBTzjjXiPxf4lIqQ==",
      "dev": true
    },
    "node_modules/eventemitter3": {
      "version": "3.1.2",
      "resolved": "https://registry.npmjs.org/eventemitter3/-/eventemitter3-3.1.2.tgz",
      "integrity": "sha512-tvtQIeLVHjDkJYnzf2dgVMxfuSGJeM/7UCG17TT4EumTfNtF+0nebF/4zWOIkCreAbtNqhGEboB6BWrwqNaw4Q==",
      "dev": true
    },
    "node_modules/ismobilejs": {
      "version": "1.1.1",
      "resolved": "https://registry.npmjs.org/ismobilejs/-/ismobilejs-1.1.1.tgz",
      "integrity": "sha512-VaFW53yt8QO61k2WJui0dHf4SlL8lxBofUuUmwBo0ljPk0Drz2TiuDW4jo3wDcv41qy/SxrJ+VAzJ/qYqsmzRw==",
      "dev": true
    },
    "node_modules/js-tokens": {
      "version": "4.0.0",
      "resolved": "https://registry.npmjs.org/js-tokens/-/js-tokens-4.0.0.tgz",
      "integrity": "sha512-RdJUflcE3cUzKiMqQgsCu06FPu9UdIJO0beYbPhHN4k6apgJtifcoCtT9bcxOpYBtpD2kCM6Sbzg4CausW/PKQ==",
      "dev": true
    },
    "node_modules/loose-envify": {
      "version": "1.4.0",
      "resolved": "https://registry.npmjs.org/loose-envify/-/loose-envify-1.4.0.tgz",
      "integrity": "sha512-lyuxPGr/Wfhrlem2CL/UcnUc1zcqKAImBDzukY7Y5F/yQiNdko6+fRLevlw1HgMySw7f611UIY408EtxRSoK3Q==",
      "dev": true,
      "dependencies": {
        "js-tokens": "^3.0.0 || ^4.0.0"
      },
      "bin": {
        "loose-envify": "cli.js"
      }
    },
    "node_modules/mini-signals": {
      "version": "1.2.0",
      "resolved": "https://registry.npmjs.org/mini-signals/-/mini-signals-1.2.0.tgz",
      "integrity": "sha512-alffqMkGCjjTSwvYMVLx+7QeJ6sTuxbXqBkP21my4iWU5+QpTQAJt3h7htA1OKm9F3BpMM0vnu72QIoiJakrLA==",
      "dev": true
    },
    "node_modules/object-assign": {
      "version": "4.1.1",
      "resolved": "https://registry.npmjs.org/object-assign/-/object-assign-4.1.1.tgz",
      "integrity": "sha512-rJgTQnkUnH1sFw8yT6VSU3zD3sWmu6sZhIseY8VX+GRu3P6F7Fu+JNDoXfklElbLJSnc3FUQHVe4cU5hj+BcUg==",
      "dev": true,
      "engines": {
        "node": ">=0.10.0"
      }
    },
    "node_modules/parse-uri": {
      "version": "1.0.7",
      "resolved": "https://registry.npmjs.org/parse-uri/-/parse-uri-1.0.7.tgz",
      "integrity": "sha512-eWuZCMKNlVkXrEoANdXxbmqhu2SQO9jUMCSpdbJDObin0JxISn6e400EWsSRbr/czdKvWKkhZnMKEGUwf/Plmg==",
      "dev": true,
      "engines": {
        "node": ">= 0.10"
      }
    },
    "node_modules/pixi-sound": {
      "version": "3.0.5",
      "resolved": "https://registry.npmjs.org/pixi-sound/-/pixi-sound-3.0.5.tgz",
      "integrity": "sha512-I3qDfaDI3xSwMuH8ZbhIyoZiRv0jEDxR60D2rBZTTvlK5owxo5Sx4vDaQlrIyETilTU0xvBtiwh7fPGKBOsCTw==",
      "deprecated": "package renamed to @pixi/sound",
      "dev": true,
      "peerDependencies": {
        "@pixi/core": "^5.0.2",
        "@pixi/loaders": "^5.0.2",
        "@pixi/ticker": "^5.0.1",
        "@pixi/utils": "^5.0.1"
      }
    },
    "node_modules/pixi.js": {
      "version": "5.3.12",
      "resolved": "https://registry.npmjs.org/pixi.js/-/pixi.js-5.3.12.tgz",
      "integrity": "sha512-XZzUhrq/m6fx3E0ESv/zXKEVR/GW82dPmbwdapIqsgAldKT2QqBYMfz1WuPf+Q9moPapywVNjjyxPvh+DNPmIg==",
      "dev": true,
      "dependencies": {
        "@pixi/accessibility": "5.3.12",
        "@pixi/app": "5.3.12",
        "@pixi/constants": "5.3.12",
        "@pixi/core": "5.3.12",
        "@pixi/display": "5.3.12",
        "@pixi/extract": "5.3.12",
        "@pixi/filter-alpha": "5.3.12",
        "@pixi/filter-blur": "5.3.12",
        "@pixi/filter-color-matrix": "5.3.12",
        "@pixi/filter-displacement": "5.3.12",
        "@pixi/filter-fxaa": "5.3.12",
        "@pixi/filter-noise": "5.3.12",
        "@pixi/graphics": "5.3.12",
        "@pixi/interaction": "5.3.12",
        "@pixi/loaders": "5.3.12",
        "@pixi/math": "5.3.12",
        "@pixi/mesh": "5.3.12",
        "@pixi/mesh-extras": "5.3.12",
        "@pixi/mixin-cache-as-bitmap": "5.3.12",
        "@pixi/mixin-get-child-by-name": "5.3.12",
        "@pixi/mixin-get-global-position": "5.3.12",
        "@pixi/particles": "5.3.12",
        "@pixi/polyfill": "5.3.12",
        "@pixi/prepare": "5.3.12",
        "@pixi/runner": "5.3.12",
        "@pixi/settings": "5.3.12",
        "@pixi/sprite": "5.3.12",
        "@pixi/sprite-animated": "5.3.12",
        "@pixi/sprite-tiling": "5.3.12",
        "@pixi/spritesheet": "5.3.12",
        "@pixi/text": "5.3.12",
        "@pixi/text-bitmap": "5.3.12",
        "@pixi/ticker": "5.3.12",
        "@pixi/utils": "5.3.12"
      },
      "funding": {
        "type": "opencollective",
        "url": "https://opencollective.com/pixijs"
      }
    },
    "node_modules/punycode": {
      "version": "1.3.2",
      "resolved": "https://registry.npmjs.org/punycode/-/punycode-1.3.2.tgz",
      "integrity": "sha512-RofWgt/7fL5wP1Y7fxE7/EmTLzQVnB0ycyibJ0OOHIlJqTNzglYFxVwETOcIoJqJmpDXJ9xImDv+Fq34F/d4Dw==",
      "dev": true
    },
    "node_modules/querystring": {
      "version": "0.2.0",
      "resolved": "https://registry.npmjs.org/querystring/-/querystring-0.2.0.tgz",
      "integrity": "sha512-X/xY82scca2tau62i9mDyU9K+I+djTMUsvwf7xnUX5GLvVzgJybOJf4Y6o9Zx3oJK/LSXg5tTZBjwzqVPaPO2g==",
      "deprecated": "The querystring API is considered Legacy. new code should use the URLSearchParams API instead.",
      "dev": true,
      "engines": {
        "node": ">=0.4.x"
      }
    },
    "node_modules/react": {
      "version": "17.0.2",
      "resolved": "https://registry.npmjs.org/react/-/react-17.0.2.tgz",
      "integrity": "sha512-gnhPt75i/dq/z3/6q/0asP78D0u592D5L1pd7M8P+dck6Fu/jJeL6iVVK23fptSUZj8Vjf++7wXA8UNclGQcbA==",
      "dev": true,
      "dependencies": {
        "loose-envify": "^1.1.0",
        "object-assign": "^4.1.1"
      },
      "engines": {
        "node": ">=0.10.0"
      }
    },
    "node_modules/resource-loader": {
      "version": "3.0.1",
      "resolved": "https://registry.npmjs.org/resource-loader/-/resource-loader-3.0.1.tgz",
      "integrity": "sha512-fBuCRbEHdLCI1eglzQhUv9Rrdcmqkydr1r6uHE2cYHvRBrcLXeSmbE/qI/urFt8rPr/IGxir3BUwM5kUK8XoyA==",
      "dev": true,
      "dependencies": {
        "mini-signals": "^1.2.0",
        "parse-uri": "^1.0.0"
      }
    },
    "node_modules/typescript": {
      "version": "4.7.4",
      "resolved": "https://registry.npmjs.org/typescript/-/typescript-4.7.4.tgz",
      "integrity": "sha512-C0WQT0gezHuw6AdY1M2jxUO83Rjf0HP7Sk1DtXj6j1EwkQNZrHAg2XPWlq62oqEhYvONq5pkC2Y9oPljWToLmQ==",
      "dev": true,
      "bin": {
        "tsc": "bin/tsc",
        "tsserver": "bin/tsserver"
      },
      "engines": {
        "node": ">=4.2.0"
      }
    },
    "node_modules/url": {
      "version": "0.11.0",
      "resolved": "https://registry.npmjs.org/url/-/url-0.11.0.tgz",
      "integrity": "sha512-kbailJa29QrtXnxgq+DdCEGlbTeYM2eJUxsz6vjZavrCYPMIFHMKQmSKYAIuUK2i7hgPm28a8piX5NTUtM/LKQ==",
      "dev": true,
      "dependencies": {
        "punycode": "1.3.2",
        "querystring": "0.2.0"
      }
    }
  },
  "dependencies": {
    "@pixi/accessibility": {
      "version": "5.3.12",
      "resolved": "https://registry.npmjs.org/@pixi/accessibility/-/accessibility-5.3.12.tgz",
      "integrity": "sha512-JnfII2VsIeIpvyn1VMNDlhhq5BzHwwHn8sMRKhS3kFyxn4CdP0E4Ktn3/QK0vmL9sHCeTlto5Ybj3uuoKZwCWg==",
      "dev": true,
      "requires": {
        "@pixi/core": "5.3.12",
        "@pixi/display": "5.3.12",
        "@pixi/utils": "5.3.12"
      }
    },
    "@pixi/app": {
      "version": "5.3.12",
      "resolved": "https://registry.npmjs.org/@pixi/app/-/app-5.3.12.tgz",
      "integrity": "sha512-XMpqoO+1BFIVakgHX/VlBaO4qWxg9TitvybDeXZxyVlSCG84DMNulN55jYufVp92nqHhiRr2fAIc9JDccOcNcQ==",
      "dev": true,
      "requires": {
        "@pixi/core": "5.3.12",
        "@pixi/display": "5.3.12"
      }
    },
    "@pixi/constants": {
      "version": "5.3.12",
      "resolved": "https://registry.npmjs.org/@pixi/constants/-/constants-5.3.12.tgz",
      "integrity": "sha512-UcuvZZ8cQu+ZC7ufLpKi8NfZX0FncPuxKd0Rf6u6pzO2SmHPq4C1moXYGDnkZjPFAjNYFFHC7chU+zolMtkL/g==",
      "dev": true
    },
    "@pixi/core": {
      "version": "5.3.12",
      "resolved": "https://registry.npmjs.org/@pixi/core/-/core-5.3.12.tgz",
      "integrity": "sha512-SKZPU2mP4UE4trWOTcubGekKwopnotbyR2X8nb68wffBd1GzMoaxyakltfJF2oCV/ivrru/biP4CkW9K6MJ56g==",
      "dev": true,
      "requires": {
        "@pixi/constants": "5.3.12",
        "@pixi/math": "5.3.12",
        "@pixi/runner": "5.3.12",
        "@pixi/settings": "5.3.12",
        "@pixi/ticker": "5.3.12",
        "@pixi/utils": "5.3.12"
      }
    },
    "@pixi/display": {
      "version": "5.3.12",
      "resolved": "https://registry.npmjs.org/@pixi/display/-/display-5.3.12.tgz",
      "integrity": "sha512-/fsH/GAxc62rvwTnmrnV8oGCkk4LwJ9pt2Jv3UIorNsjXyL0V5fGw7uZnilF2eSdu6LgQKBMWPOtBF0TNML3lg==",
      "dev": true,
      "requires": {
        "@pixi/math": "5.3.12",
        "@pixi/settings": "5.3.12",
        "@pixi/utils": "5.3.12"
      }
    },
    "@pixi/extract": {
      "version": "5.3.12",
      "resolved": "https://registry.npmjs.org/@pixi/extract/-/extract-5.3.12.tgz",
      "integrity": "sha512-PRs9sKeZT+eYSD8wGUqSjHhIRrfvnLU65IIJYlmgTxYo9U4rwzykt74v09ggMj/GFUpjsILISA5VIXM1TV79PQ==",
      "dev": true,
      "requires": {
        "@pixi/core": "5.3.12",
        "@pixi/math": "5.3.12",
        "@pixi/utils": "5.3.12"
      }
    },
    "@pixi/filter-alpha": {
      "version": "5.3.12",
      "resolved": "https://registry.npmjs.org/@pixi/filter-alpha/-/filter-alpha-5.3.12.tgz",
      "integrity": "sha512-/VG+ojZZwStLfiYVKcX4XsXNiPZpv40ZgiDL6igZOMqUsWn7n7dhIgytmbx6uTUWfxIPlOQH3bJGEyAHVEgzZA==",
      "dev": true,
      "requires": {
        "@pixi/core": "5.3.12"
      }
    },
    "@pixi/filter-blur": {
      "version": "5.3.12",
      "resolved": "https://registry.npmjs.org/@pixi/filter-blur/-/filter-blur-5.3.12.tgz",
      "integrity": "sha512-8zuOmztmuXCl1pXQpycKTS8HmXPtkmMe6xM93Q1gT7CRLzyS97H3pQAh4YuaGOrJslOKBNDrGVzLVY95fxjcTQ==",
      "dev": true,
      "requires": {
        "@pixi/core": "5.3.12",
        "@pixi/settings": "5.3.12"
      }
    },
    "@pixi/filter-color-matrix": {
      "version": "5.3.12",
      "resolved": "https://registry.npmjs.org/@pixi/filter-color-matrix/-/filter-color-matrix-5.3.12.tgz",
      "integrity": "sha512-CblKOry/TvFm7L7iangxYtvQgO3a9n5MsmxDUue68DWZa/iI4r/3TSnsvA+Iijr590e9GsWxy3mj9P4HBMOGTA==",
      "dev": true,
      "requires": {
        "@pixi/core": "5.3.12"
      }
    },
    "@pixi/filter-displacement": {
      "version": "5.3.12",
      "resolved": "https://registry.npmjs.org/@pixi/filter-displacement/-/filter-displacement-5.3.12.tgz",
      "integrity": "sha512-D/LpJxnGi85wHB6VeBpw0FQAN0mzHHUYNxCADwUhknY+SKfP5RhaYOlk79zqOuakBfQTzL3lPgMNH2EC85EJPw==",
      "dev": true,
      "requires": {
        "@pixi/core": "5.3.12",
        "@pixi/math": "5.3.12"
      }
    },
    "@pixi/filter-fxaa": {
      "version": "5.3.12",
      "resolved": "https://registry.npmjs.org/@pixi/filter-fxaa/-/filter-fxaa-5.3.12.tgz",
      "integrity": "sha512-EI+foorDnYUAy7VF3fzi635u/dyf5EHZOFovGEDrHm/ZTmEJ1i6RolwexCN94vf6HGfaDrIgNmqFcKWtbIvJFA==",
      "dev": true,
      "requires": {
        "@pixi/core": "5.3.12"
      }
    },
    "@pixi/filter-noise": {
      "version": "5.3.12",
      "resolved": "https://registry.npmjs.org/@pixi/filter-noise/-/filter-noise-5.3.12.tgz",
      "integrity": "sha512-9KWmlM2zRryY6o0bfNOHAckdCk8X7g9XWZbmEIXZZs7Jr90C1+RhDreqNs8OrMukmNo2cW9hMrshHgJ9aA1ftQ==",
      "dev": true,
      "requires": {
        "@pixi/core": "5.3.12"
      }
    },
    "@pixi/graphics": {
      "version": "5.3.12",
      "resolved": "https://registry.npmjs.org/@pixi/graphics/-/graphics-5.3.12.tgz",
      "integrity": "sha512-uBmFvq15rX0f459/4F2EnR2UhCgfwMWVJDB1L3OnCqQePE/z3ju4mfWEwOT+I7gGejWlGNE6YLdEMVNw/3zb6w==",
      "dev": true,
      "requires": {
        "@pixi/constants": "5.3.12",
        "@pixi/core": "5.3.12",
        "@pixi/display": "5.3.12",
        "@pixi/math": "5.3.12",
        "@pixi/sprite": "5.3.12",
        "@pixi/utils": "5.3.12"
      }
    },
    "@pixi/interaction": {
      "version": "5.3.12",
      "resolved": "https://registry.npmjs.org/@pixi/interaction/-/interaction-5.3.12.tgz",
      "integrity": "sha512-Ks7vHDfDI58r1TzKHabnQXcXzFbUu2Sb4eQ3/jnzI/xGB5Z8Q0kS7RwJtFOWNZ67HHQdoHFkQIozTUXVXHs3oA==",
      "dev": true,
      "requires": {
        "@pixi/core": "5.3.12",
        "@pixi/display": "5.3.12",
        "@pixi/math": "5.3.12",
        "@pixi/ticker": "5.3.12",
        "@pixi/utils": "5.3.12"
      }
    },
    "@pixi/loaders": {
      "version": "5.3.12",
      "resolved": "https://registry.npmjs.org/@pixi/loaders/-/loaders-5.3.12.tgz",
      "integrity": "sha512-M56m1GKpCChFqSic9xrdtQOXFqwYMvGzDXNpsKIsQbkHooaJhUR5UxSPaNiGC4qWv0TO9w8ANouxeX2v6js4eg==",
      "dev": true,
      "requires": {
        "@pixi/core": "5.3.12",
        "@pixi/utils": "5.3.12",
        "resource-loader": "^3.0.1"
      }
    },
    "@pixi/math": {
      "version": "5.3.12",
      "resolved": "https://registry.npmjs.org/@pixi/math/-/math-5.3.12.tgz",
      "integrity": "sha512-VMccUVKSRlLFTGQu6Z450q/W6LVibaFWEo2eSZZfxz+hwjlYiqRPx4heG++4Y6tGskZK7W8l8h+2ixjmo65FCg==",
      "dev": true
    },
    "@pixi/mesh": {
      "version": "5.3.12",
      "resolved": "https://registry.npmjs.org/@pixi/mesh/-/mesh-5.3.12.tgz",
      "integrity": "sha512-8ZiGZsZQBWoP1p8t9bSl/AfERb5l3QlwnY9zYVMDydF/UWfN1gKcYO4lKvaXw/HnLi4ZjE+OHoZVmePss9zzaw==",
      "dev": true,
      "requires": {
        "@pixi/constants": "5.3.12",
        "@pixi/core": "5.3.12",
        "@pixi/display": "5.3.12",
        "@pixi/math": "5.3.12",
        "@pixi/settings": "5.3.12",
        "@pixi/utils": "5.3.12"
      }
    },
    "@pixi/mesh-extras": {
      "version": "5.3.12",
      "resolved": "https://registry.npmjs.org/@pixi/mesh-extras/-/mesh-extras-5.3.12.tgz",
      "integrity": "sha512-tEBEEIh96aSGJ/KObdtlNcSzVfgrl9fBhvdUDOHepSyVG+SkmX4LMqP3DkGl6iUBDiq9FBRFaRgbxEd8G2U7yw==",
      "dev": true,
      "requires": {
        "@pixi/constants": "5.3.12",
        "@pixi/core": "5.3.12",
        "@pixi/math": "5.3.12",
        "@pixi/mesh": "5.3.12",
        "@pixi/utils": "5.3.12"
      }
    },
    "@pixi/mixin-cache-as-bitmap": {
      "version": "5.3.12",
      "resolved": "https://registry.npmjs.org/@pixi/mixin-cache-as-bitmap/-/mixin-cache-as-bitmap-5.3.12.tgz",
      "integrity": "sha512-hPiu8jCQJctN3OVJDgh7jqdtRgyB3qH1BWLM742MOZLjYnbOSamnqmI8snG+tba5yj/WfdjKB+8v0WNwEXlH6w==",
      "dev": true,
      "requires": {
        "@pixi/core": "5.3.12",
        "@pixi/display": "5.3.12",
        "@pixi/math": "5.3.12",
        "@pixi/settings": "5.3.12",
        "@pixi/sprite": "5.3.12",
        "@pixi/utils": "5.3.12"
      }
    },
    "@pixi/mixin-get-child-by-name": {
      "version": "5.3.12",
      "resolved": "https://registry.npmjs.org/@pixi/mixin-get-child-by-name/-/mixin-get-child-by-name-5.3.12.tgz",
      "integrity": "sha512-VQv0GMNmfyBfug9pnvN5s/ZMKJ/AXvg+4RULTpwHFtAwlCdZu9IeNb4eviSSAwtOeBAtqk5c0MQSsdOUWOeIkA==",
      "dev": true,
      "requires": {
        "@pixi/display": "5.3.12"
      }
    },
    "@pixi/mixin-get-global-position": {
      "version": "5.3.12",
      "resolved": "https://registry.npmjs.org/@pixi/mixin-get-global-position/-/mixin-get-global-position-5.3.12.tgz",
      "integrity": "sha512-qxsfCC9BsKSjBlMH1Su/AVwsrzY8NHfcut5GkVvm2wa9+ypxFwU5fVsmk6+4a9G7af3iqmOlc9YDymAvbi+e8g==",
      "dev": true,
      "requires": {
        "@pixi/display": "5.3.12",
        "@pixi/math": "5.3.12"
      }
    },
    "@pixi/particles": {
      "version": "5.3.12",
      "resolved": "https://registry.npmjs.org/@pixi/particles/-/particles-5.3.12.tgz",
      "integrity": "sha512-SV/gOJBFa4jpsEM90f1bz5EuMMiNAz81mu+lhiUxdQQjZ8y/S4TiK7OAiyc+hUtp97JbJ//6u+4ynGwbhV+WDA==",
      "dev": true,
      "requires": {
        "@pixi/constants": "5.3.12",
        "@pixi/core": "5.3.12",
        "@pixi/display": "5.3.12",
        "@pixi/math": "5.3.12",
        "@pixi/utils": "5.3.12"
      }
    },
    "@pixi/polyfill": {
      "version": "5.3.12",
      "resolved": "https://registry.npmjs.org/@pixi/polyfill/-/polyfill-5.3.12.tgz",
      "integrity": "sha512-qkm8TBIb6m7FmE/Cd/yVagONDlVF5/cWFSSnk4pWA/vt/HLNrXgY9Tx0IXAk6NNK/xc5deGcLPc4iw+DlEhsQw==",
      "dev": true,
      "requires": {
        "es6-promise-polyfill": "^1.2.0",
        "object-assign": "^4.1.1"
      }
    },
    "@pixi/prepare": {
      "version": "5.3.12",
      "resolved": "https://registry.npmjs.org/@pixi/prepare/-/prepare-5.3.12.tgz",
      "integrity": "sha512-loZhLzV4riet9MU72WpWIYF6LgbRM78S4soeZOr5SzL1/U5mBneOOmfStaui7dN2GKQKp5GLygDF4dH3FPalnA==",
      "dev": true,
      "requires": {
        "@pixi/core": "5.3.12",
        "@pixi/display": "5.3.12",
        "@pixi/graphics": "5.3.12",
        "@pixi/settings": "5.3.12",
        "@pixi/text": "5.3.12",
        "@pixi/ticker": "5.3.12"
      }
    },
    "@pixi/runner": {
      "version": "5.3.12",
      "resolved": "https://registry.npmjs.org/@pixi/runner/-/runner-5.3.12.tgz",
      "integrity": "sha512-I5mXx4BiP8Bx5CFIXy3XV3ABYFXbIWaY6FxWsNFkySn0KUhizN7SarPdhFGs//hJuC54EH2FsKKNa98Lfc2nCQ==",
      "dev": true
    },
    "@pixi/settings": {
      "version": "5.3.12",
      "resolved": "https://registry.npmjs.org/@pixi/settings/-/settings-5.3.12.tgz",
      "integrity": "sha512-tLAa8tpDGllgj88NMUQn2Obn9MFJfHNF/CKs8aBhfeZGU4yL4PZDtlI+tqaB1ITGl3xxyHmJK+qfmv5lJn+zyA==",
      "dev": true,
      "requires": {
        "ismobilejs": "^1.1.0"
      }
    },
    "@pixi/sprite": {
      "version": "5.3.12",
      "resolved": "https://registry.npmjs.org/@pixi/sprite/-/sprite-5.3.12.tgz",
      "integrity": "sha512-vticet92RFZ3nDZ6/VDwZ7RANO0jzyXOF/5RuJf0yNVJgBoH4cNix520FfsBWE2ormD+z5t1KEmFeW4e35z2kw==",
      "dev": true,
      "requires": {
        "@pixi/constants": "5.3.12",
        "@pixi/core": "5.3.12",
        "@pixi/display": "5.3.12",
        "@pixi/math": "5.3.12",
        "@pixi/settings": "5.3.12",
        "@pixi/utils": "5.3.12"
      }
    },
    "@pixi/sprite-animated": {
      "version": "5.3.12",
      "resolved": "https://registry.npmjs.org/@pixi/sprite-animated/-/sprite-animated-5.3.12.tgz",
      "integrity": "sha512-WkGdGRfqboXFzMZ/SM6pCVukYmG2E2IlpcFz7aEeWvKL2Icm4YtaCBpHHDU07vvA6fP6JrstlCx1RyTENtOeGA==",
      "dev": true,
      "requires": {
        "@pixi/core": "5.3.12",
        "@pixi/sprite": "5.3.12",
        "@pixi/ticker": "5.3.12"
      }
    },
    "@pixi/sprite-tiling": {
      "version": "5.3.12",
      "resolved": "https://registry.npmjs.org/@pixi/sprite-tiling/-/sprite-tiling-5.3.12.tgz",
      "integrity": "sha512-5/gtNT46jIo7M69sixqkta1aXVhl4NTwksD9wzqjdZkQG8XPpKmHtXamROY2Fw3R+m+KGgyK8ywAf78tPvxPwg==",
      "dev": true,
      "requires": {
        "@pixi/constants": "5.3.12",
        "@pixi/core": "5.3.12",
        "@pixi/display": "5.3.12",
        "@pixi/math": "5.3.12",
        "@pixi/sprite": "5.3.12",
        "@pixi/utils": "5.3.12"
      }
    },
    "@pixi/spritesheet": {
      "version": "5.3.12",
      "resolved": "https://registry.npmjs.org/@pixi/spritesheet/-/spritesheet-5.3.12.tgz",
      "integrity": "sha512-0t5HKgLx0uWtENtkW0zVpqvmfoxqMcRAYB7Nwk2lkgZMBPCOFtFF/4Kdp9Sam5X0EBMRGkmIelW3fD6pniSvCw==",
      "dev": true,
      "requires": {
        "@pixi/core": "5.3.12",
        "@pixi/loaders": "5.3.12",
        "@pixi/math": "5.3.12",
        "@pixi/utils": "5.3.12"
      }
    },
    "@pixi/text": {
      "version": "5.3.12",
      "resolved": "https://registry.npmjs.org/@pixi/text/-/text-5.3.12.tgz",
      "integrity": "sha512-tvrDVetwVjq1PVDR6jq4umN/Mv/EPHioEOHhyep63yvFIBFv75mDTg2Ye0CPzkmjqwXXvAY+hHpNwuOXTB40xw==",
      "dev": true,
      "requires": {
        "@pixi/core": "5.3.12",
        "@pixi/math": "5.3.12",
        "@pixi/settings": "5.3.12",
        "@pixi/sprite": "5.3.12",
        "@pixi/utils": "5.3.12"
      }
    },
    "@pixi/text-bitmap": {
      "version": "5.3.12",
      "resolved": "https://registry.npmjs.org/@pixi/text-bitmap/-/text-bitmap-5.3.12.tgz",
      "integrity": "sha512-tiorA3XdriJKJtUhMDcKX1umE3hGbaNJ/y0ZLuQ0lCvoTLrN9674HtveutoR9KkXWguDHCSk2cY+y3mNAvjPHA==",
      "dev": true,
      "requires": {
        "@pixi/core": "5.3.12",
        "@pixi/display": "5.3.12",
        "@pixi/loaders": "5.3.12",
        "@pixi/math": "5.3.12",
        "@pixi/mesh": "5.3.12",
        "@pixi/settings": "5.3.12",
        "@pixi/text": "5.3.12",
        "@pixi/utils": "5.3.12"
      }
    },
    "@pixi/ticker": {
      "version": "5.3.12",
      "resolved": "https://registry.npmjs.org/@pixi/ticker/-/ticker-5.3.12.tgz",
      "integrity": "sha512-YNYUj94XgogipYhPOjbdFBIsy7+U6KmolvK+Av1G88GDac5SDoALb1Nt6s23fd8HIz6b4YnabHOdXGz3zPir1Q==",
      "dev": true,
      "requires": {
        "@pixi/settings": "5.3.12"
      }
    },
    "@pixi/utils": {
      "version": "5.3.12",
      "resolved": "https://registry.npmjs.org/@pixi/utils/-/utils-5.3.12.tgz",
      "integrity": "sha512-PU/L852YjVbTy/6fDKQtYji6Vqcwi5FZNIjK6JXKuDPF411QfJK3QBaEqJTrexzHlc9Odr0tYECjwtXkCUR02g==",
      "dev": true,
      "requires": {
        "@pixi/constants": "5.3.12",
        "@pixi/settings": "5.3.12",
        "earcut": "^2.1.5",
        "eventemitter3": "^3.1.0",
        "url": "^0.11.0"
      }
    },
    "@pkmn/sets": {
      "version": "3.0.0",
      "resolved": "https://registry.npmjs.org/@pkmn/sets/-/sets-3.0.0.tgz",
      "integrity": "sha512-H77oHgflHMTuuiEyCdygkfDv02LB4NfKsDWoXjmlUa64o2C9CdC8eAb3RTXr5dzUFSUuPYct31ENvZDJYeoehA==",
      "dev": true,
      "requires": {
        "@pkmn/types": "^2.0.0"
      }
    },
    "@pkmn/sim": {
      "version": "0.5.20",
      "resolved": "https://registry.npmjs.org/@pkmn/sim/-/sim-0.5.20.tgz",
      "integrity": "sha512-KAtCzCEu1xYx1kusAO/a+F5/8dtxlR8RIfa0IAd9i4zOqBDWVTsUFmNsCo/RKVlmA4Q+zMUvXeEcDLULN0EnaA==",
      "dev": true,
      "requires": {
        "@pkmn/sets": "^3.0.0",
        "@pkmn/streams": "^1.0.0"
      }
    },
    "@pkmn/streams": {
      "version": "1.0.0",
      "resolved": "https://registry.npmjs.org/@pkmn/streams/-/streams-1.0.0.tgz",
      "integrity": "sha512-BtGUlaaKdC+4epkc8Bg8k9tEwZYNZP8tx2jtCqqhLMhri/BtmUe2OdSZRAKbwKfWWN/CwtqyEUjdNsjwwSld/g==",
      "dev": true
    },
    "@pkmn/types": {
      "version": "2.0.0",
      "resolved": "https://registry.npmjs.org/@pkmn/types/-/types-2.0.0.tgz",
      "integrity": "sha512-4Yoen3lNQDjiPALK+NP4AL7N2Mbbrw31LD2a/onSoPeq9S8zeW5Ove6HsBSgZyjkNQwCwVPHbqcIwoli7DjfyQ==",
      "dev": true
    },
    "@types/node": {
      "version": "18.0.0",
      "resolved": "https://registry.npmjs.org/@types/node/-/node-18.0.0.tgz",
      "integrity": "sha512-cHlGmko4gWLVI27cGJntjs/Sj8th9aYwplmZFwmmgYQQvL5NUsgVJG7OddLvNfLqYS31KFN0s3qlaD9qCaxACA==",
      "dev": true
    },
    "earcut": {
      "version": "2.2.3",
      "resolved": "https://registry.npmjs.org/earcut/-/earcut-2.2.3.tgz",
      "integrity": "sha512-iRDI1QeCQIhMCZk48DRDMVgQSSBDmbzzNhnxIo+pwx3swkfjMh6vh0nWLq1NdvGHLKH6wIrAM3vQWeTj6qeoug==",
      "dev": true
    },
    "es6-promise-polyfill": {
      "version": "1.2.0",
      "resolved": "https://registry.npmjs.org/es6-promise-polyfill/-/es6-promise-polyfill-1.2.0.tgz",
      "integrity": "sha512-HHb0vydCpoclpd0ySPkRXMmBw80MRt1wM4RBJBlXkux97K7gleabZdsR0gvE1nNPM9mgOZIBTzjjXiPxf4lIqQ==",
      "dev": true
    },
    "eventemitter3": {
      "version": "3.1.2",
      "resolved": "https://registry.npmjs.org/eventemitter3/-/eventemitter3-3.1.2.tgz",
      "integrity": "sha512-tvtQIeLVHjDkJYnzf2dgVMxfuSGJeM/7UCG17TT4EumTfNtF+0nebF/4zWOIkCreAbtNqhGEboB6BWrwqNaw4Q==",
      "dev": true
    },
    "ismobilejs": {
      "version": "1.1.1",
      "resolved": "https://registry.npmjs.org/ismobilejs/-/ismobilejs-1.1.1.tgz",
      "integrity": "sha512-VaFW53yt8QO61k2WJui0dHf4SlL8lxBofUuUmwBo0ljPk0Drz2TiuDW4jo3wDcv41qy/SxrJ+VAzJ/qYqsmzRw==",
      "dev": true
    },
    "js-tokens": {
      "version": "4.0.0",
      "resolved": "https://registry.npmjs.org/js-tokens/-/js-tokens-4.0.0.tgz",
      "integrity": "sha512-RdJUflcE3cUzKiMqQgsCu06FPu9UdIJO0beYbPhHN4k6apgJtifcoCtT9bcxOpYBtpD2kCM6Sbzg4CausW/PKQ==",
      "dev": true
    },
    "loose-envify": {
      "version": "1.4.0",
      "resolved": "https://registry.npmjs.org/loose-envify/-/loose-envify-1.4.0.tgz",
      "integrity": "sha512-lyuxPGr/Wfhrlem2CL/UcnUc1zcqKAImBDzukY7Y5F/yQiNdko6+fRLevlw1HgMySw7f611UIY408EtxRSoK3Q==",
      "dev": true,
      "requires": {
        "js-tokens": "^3.0.0 || ^4.0.0"
      }
    },
    "mini-signals": {
      "version": "1.2.0",
      "resolved": "https://registry.npmjs.org/mini-signals/-/mini-signals-1.2.0.tgz",
      "integrity": "sha512-alffqMkGCjjTSwvYMVLx+7QeJ6sTuxbXqBkP21my4iWU5+QpTQAJt3h7htA1OKm9F3BpMM0vnu72QIoiJakrLA==",
      "dev": true
    },
    "object-assign": {
      "version": "4.1.1",
      "resolved": "https://registry.npmjs.org/object-assign/-/object-assign-4.1.1.tgz",
      "integrity": "sha512-rJgTQnkUnH1sFw8yT6VSU3zD3sWmu6sZhIseY8VX+GRu3P6F7Fu+JNDoXfklElbLJSnc3FUQHVe4cU5hj+BcUg==",
      "dev": true
    },
    "parse-uri": {
      "version": "1.0.7",
      "resolved": "https://registry.npmjs.org/parse-uri/-/parse-uri-1.0.7.tgz",
      "integrity": "sha512-eWuZCMKNlVkXrEoANdXxbmqhu2SQO9jUMCSpdbJDObin0JxISn6e400EWsSRbr/czdKvWKkhZnMKEGUwf/Plmg==",
      "dev": true
    },
    "pixi-sound": {
      "version": "3.0.5",
      "resolved": "https://registry.npmjs.org/pixi-sound/-/pixi-sound-3.0.5.tgz",
      "integrity": "sha512-I3qDfaDI3xSwMuH8ZbhIyoZiRv0jEDxR60D2rBZTTvlK5owxo5Sx4vDaQlrIyETilTU0xvBtiwh7fPGKBOsCTw==",
      "dev": true,
      "requires": {}
    },
    "pixi.js": {
      "version": "5.3.12",
      "resolved": "https://registry.npmjs.org/pixi.js/-/pixi.js-5.3.12.tgz",
      "integrity": "sha512-XZzUhrq/m6fx3E0ESv/zXKEVR/GW82dPmbwdapIqsgAldKT2QqBYMfz1WuPf+Q9moPapywVNjjyxPvh+DNPmIg==",
      "dev": true,
      "requires": {
        "@pixi/accessibility": "5.3.12",
        "@pixi/app": "5.3.12",
        "@pixi/constants": "5.3.12",
        "@pixi/core": "5.3.12",
        "@pixi/display": "5.3.12",
        "@pixi/extract": "5.3.12",
        "@pixi/filter-alpha": "5.3.12",
        "@pixi/filter-blur": "5.3.12",
        "@pixi/filter-color-matrix": "5.3.12",
        "@pixi/filter-displacement": "5.3.12",
        "@pixi/filter-fxaa": "5.3.12",
        "@pixi/filter-noise": "5.3.12",
        "@pixi/graphics": "5.3.12",
        "@pixi/interaction": "5.3.12",
        "@pixi/loaders": "5.3.12",
        "@pixi/math": "5.3.12",
        "@pixi/mesh": "5.3.12",
        "@pixi/mesh-extras": "5.3.12",
        "@pixi/mixin-cache-as-bitmap": "5.3.12",
        "@pixi/mixin-get-child-by-name": "5.3.12",
        "@pixi/mixin-get-global-position": "5.3.12",
        "@pixi/particles": "5.3.12",
        "@pixi/polyfill": "5.3.12",
        "@pixi/prepare": "5.3.12",
        "@pixi/runner": "5.3.12",
        "@pixi/settings": "5.3.12",
        "@pixi/sprite": "5.3.12",
        "@pixi/sprite-animated": "5.3.12",
        "@pixi/sprite-tiling": "5.3.12",
        "@pixi/spritesheet": "5.3.12",
        "@pixi/text": "5.3.12",
        "@pixi/text-bitmap": "5.3.12",
        "@pixi/ticker": "5.3.12",
        "@pixi/utils": "5.3.12"
      }
    },
    "punycode": {
      "version": "1.3.2",
      "resolved": "https://registry.npmjs.org/punycode/-/punycode-1.3.2.tgz",
      "integrity": "sha512-RofWgt/7fL5wP1Y7fxE7/EmTLzQVnB0ycyibJ0OOHIlJqTNzglYFxVwETOcIoJqJmpDXJ9xImDv+Fq34F/d4Dw==",
      "dev": true
    },
    "querystring": {
      "version": "0.2.0",
      "resolved": "https://registry.npmjs.org/querystring/-/querystring-0.2.0.tgz",
      "integrity": "sha512-X/xY82scca2tau62i9mDyU9K+I+djTMUsvwf7xnUX5GLvVzgJybOJf4Y6o9Zx3oJK/LSXg5tTZBjwzqVPaPO2g==",
      "dev": true
    },
    "react": {
      "version": "17.0.2",
      "resolved": "https://registry.npmjs.org/react/-/react-17.0.2.tgz",
      "integrity": "sha512-gnhPt75i/dq/z3/6q/0asP78D0u592D5L1pd7M8P+dck6Fu/jJeL6iVVK23fptSUZj8Vjf++7wXA8UNclGQcbA==",
      "dev": true,
      "requires": {
        "loose-envify": "^1.1.0",
        "object-assign": "^4.1.1"
      }
    },
    "resource-loader": {
      "version": "3.0.1",
      "resolved": "https://registry.npmjs.org/resource-loader/-/resource-loader-3.0.1.tgz",
      "integrity": "sha512-fBuCRbEHdLCI1eglzQhUv9Rrdcmqkydr1r6uHE2cYHvRBrcLXeSmbE/qI/urFt8rPr/IGxir3BUwM5kUK8XoyA==",
      "dev": true,
      "requires": {
        "mini-signals": "^1.2.0",
        "parse-uri": "^1.0.0"
      }
    },
    "typescript": {
      "version": "4.7.4",
      "resolved": "https://registry.npmjs.org/typescript/-/typescript-4.7.4.tgz",
      "integrity": "sha512-C0WQT0gezHuw6AdY1M2jxUO83Rjf0HP7Sk1DtXj6j1EwkQNZrHAg2XPWlq62oqEhYvONq5pkC2Y9oPljWToLmQ==",
      "dev": true
    },
    "url": {
      "version": "0.11.0",
      "resolved": "https://registry.npmjs.org/url/-/url-0.11.0.tgz",
      "integrity": "sha512-kbailJa29QrtXnxgq+DdCEGlbTeYM2eJUxsz6vjZavrCYPMIFHMKQmSKYAIuUK2i7hgPm28a8piX5NTUtM/LKQ==",
      "dev": true,
      "requires": {
        "punycode": "1.3.2",
        "querystring": "0.2.0"
      }
    }
  }
}
